
Microsoft Visual Studio Solution File, Format Version 12.00
# Visual Studio Version 16
VisualStudioVersion = 16.0.31410.357
MinimumVisualStudioVersion = 10.0.40219.1
Project("{FAE04EC0-301F-11D3-BF4B-00C04F79EFBC}") = "proje_1", "proje_1\proje_1.csproj", "{8E88B3EF-E8A3-4CE8-AA92-C19EB35F5475}"
EndProject
Global
	GlobalSection(SolutionConfigurationPlatforms) = preSolution
		Debug|Any CPU = Debug|Any CPU
		Release|Any CPU = Release|Any CPU
	EndGlobalSection
	GlobalSection(ProjectConfigurationPlatforms) = postSolution
		{8E88B3EF-E8A3-4CE8-AA92-C19EB35F5475}.Debug|Any CPU.ActiveCfg = Debug|Any CPU
		{8E88B3EF-E8A3-4CE8-AA92-C19EB35F5475}.Debug|Any CPU.Build.0 = Debug|Any CPU
		{8E88B3EF-E8A3-4CE8-AA92-C19EB35F5475}.Release|Any CPU.ActiveCfg = Release|Any CPU
		{8E88B3EF-E8A3-4CE8-AA92-C19EB35F5475}.Release|Any CPU.Build.0 = Release|Any CPU
	EndGlobalSection
	GlobalSection(SolutionProperties) = preSolution
		HideSolutionNode = FALSE
	EndGlobalSection
	GlobalSection(ExtensibilityGlobals) = postSolution
		SolutionGuid = {8D07A2F8-099F-4694-8EA5-D1B3CC5A430E}
	EndGlobalSection
EndGlobal
